{
  "name": "proto-definitions",
  "version": "1.0.0",
  "lockfileVersion": 3,
  "requires": true,
  "packages": {
    "": {
      "name": "proto-definitions",
      "version": "1.0.0",
      "license": "ISC",
      "devDependencies": {
        "protoc-gen-ts": "^0.8.7",
        "ts-proto": "^2.2.5"
      }
    },
    "node_modules/@bufbuild/protobuf": {
      "version": "2.2.0",
      "resolved": "https://registry.npmjs.org/@bufbuild/protobuf/-/protobuf-2.2.0.tgz",
      "integrity": "sha512-+imAQkHf7U/Rwvu0wk1XWgsP3WnpCWmK7B48f0XqSNzgk64+grljTKC7pnO/xBiEMUziF7vKRfbBnOQhg126qQ==",
      "dev": true,
      "license": "(Apache-2.0 AND BSD-3-Clause)"
    },
    "node_modules/case-anything": {
      "version": "2.1.13",
      "resolved": "https://registry.npmjs.org/case-anything/-/case-anything-2.1.13.tgz",
      "integrity": "sha512-zlOQ80VrQ2Ue+ymH5OuM/DlDq64mEm+B9UTdHULv5osUMD6HalNTblf2b1u/m6QecjsnOkBpqVZ+XPwIVsy7Ng==",
      "dev": true,
      "license": "MIT",
      "engines": {
        "node": ">=12.13"
      },
      "funding": {
        "url": "https://github.com/sponsors/mesqueeb"
      }
    },
    "node_modules/detect-libc": {
      "version": "1.0.3",
      "resolved": "https://registry.npmjs.org/detect-libc/-/detect-libc-1.0.3.tgz",
      "integrity": "sha512-pGjwhsmsp4kL2RTz08wcOlGN83otlqHeD/Z5T8GXZB+/YcpQ/dgo+lbU8ZsGxV0HIvqqxo9l7mqYwyYMD9bKDg==",
      "dev": true,
      "license": "Apache-2.0",
      "bin": {
        "detect-libc": "bin/detect-libc.js"
      },
      "engines": {
        "node": ">=0.10"
      }
    },
    "node_modules/dprint-node": {
      "version": "1.0.8",
      "resolved": "https://registry.npmjs.org/dprint-node/-/dprint-node-1.0.8.tgz",
      "integrity": "sha512-iVKnUtYfGrYcW1ZAlfR/F59cUVL8QIhWoBJoSjkkdua/dkWIgjZfiLMeTjiB06X0ZLkQ0M2C1VbUj/CxkIf1zg==",
      "dev": true,
      "license": "MIT",
      "dependencies": {
        "detect-libc": "^1.0.3"
      }
    },
    "node_modules/protoc-gen-ts": {
      "version": "0.8.7",
      "resolved": "https://registry.npmjs.org/protoc-gen-ts/-/protoc-gen-ts-0.8.7.tgz",
      "integrity": "sha512-jr4VJey2J9LVYCV7EVyVe53g1VMw28cCmYJhBe5e3YX5wiyiDwgxWxeDf9oTqAe4P1bN/YGAkW2jhlH8LohwiQ==",
      "dev": true,
      "license": "MIT",
      "bin": {
        "protoc-gen-ts": "protoc-gen-ts.js"
      },
      "funding": {
        "type": "individual",
        "url": "https://www.buymeacoffee.com/thesayyn"
      }
    },
    "node_modules/ts-poet": {
      "version": "6.9.0",
      "resolved": "https://registry.npmjs.org/ts-poet/-/ts-poet-6.9.0.tgz",
      "integrity": "sha512-roe6W6MeZmCjRmppyfOURklO5tQFQ6Sg7swURKkwYJvV7dbGCrK28um5+51iW3twdPRKtwarqFAVMU6G1mvnuQ==",
      "dev": true,
      "license": "Apache-2.0",
      "dependencies": {
        "dprint-node": "^1.0.8"
      }
    },
    "node_modules/ts-proto": {
      "version": "2.2.5",
      "resolved": "https://registry.npmjs.org/ts-proto/-/ts-proto-2.2.5.tgz",
      "integrity": "sha512-P7arWANOAO2Jpzhey8x55H8mnK4XHzwepQph13eNf9nu93+lAB/JUIxKaIu18YnUQBpm3ZgHL0pTVPWa6dVqrQ==",
      "dev": true,
      "license": "ISC",
      "dependencies": {
        "@bufbuild/protobuf": "^2.0.0",
        "case-anything": "^2.1.13",
        "ts-poet": "^6.7.0",
        "ts-proto-descriptors": "2.0.0"
      },
      "bin": {
        "protoc-gen-ts_proto": "protoc-gen-ts_proto"
      }
    },
    "node_modules/ts-proto-descriptors": {
      "version": "2.0.0",
      "resolved": "https://registry.npmjs.org/ts-proto-descriptors/-/ts-proto-descriptors-2.0.0.tgz",
      "integrity": "sha512-wHcTH3xIv11jxgkX5OyCSFfw27agpInAd6yh89hKG6zqIXnjW9SYqSER2CVQxdPj4czeOhGagNvZBEbJPy7qkw==",
      "dev": true,
      "license": "ISC",
      "dependencies": {
        "@bufbuild/protobuf": "^2.0.0"
      }
    }
  }
}
